{
  "version": 4,
  "terraform_version": "1.4.5",
  "serial": 130,
  "lineage": "a504128d-e7b2-26b9-6f47-3fc701e5a54b",
  "outputs": {},
  "resources": [
    {
      "mode": "data",
      "type": "google_secret_manager_secret_version",
      "name": "secrets",
      "provider": "provider[\"registry.terraform.io/hashicorp/google\"]",
      "instances": [
        {
          "index_key": "ENVIRONMENT",
          "schema_version": 0,
          "attributes": {
            "create_time": "2023-07-25T11:53:11.698241Z",
            "destroy_time": null,
            "enabled": true,
            "id": "projects/459671476145/secrets/ENVIRONMENT/versions/2",
            "name": "projects/459671476145/secrets/ENVIRONMENT/versions/2",
            "project": "project-r-393911",
            "secret": "ENVIRONMENT",
            "secret_data": "Production",
            "version": "2"
          },
          "sensitive_attributes": []
        },
        {
          "index_key": "MONGODB_CONNECTION_STRING",
          "schema_version": 0,
          "attributes": {
            "create_time": "2023-07-25T11:24:31.475901Z",
            "destroy_time": null,
            "enabled": true,
            "id": "projects/459671476145/secrets/MONGODB_CONNECTION_STRING/versions/1",
            "name": "projects/459671476145/secrets/MONGODB_CONNECTION_STRING/versions/1",
            "project": "project-r-393911",
            "secret": "MONGODB_CONNECTION_STRING",
            "secret_data": "mongodb+srv://TimoSR:rTPnSLO8uBewTFXc@project-r.vfcynkw.mongodb.net/?retryWrites=true\u0026w=majority",
            "version": "1"
          },
          "sensitive_attributes": []
        },
        {
          "index_key": "MONGODB_DEVELOPMENT_DB",
          "schema_version": 0,
          "attributes": {
            "create_time": "2023-07-25T11:25:06.120235Z",
            "destroy_time": null,
            "enabled": true,
            "id": "projects/459671476145/secrets/MONGODB_DEVELOPMENT_DB/versions/1",
            "name": "projects/459671476145/secrets/MONGODB_DEVELOPMENT_DB/versions/1",
            "project": "project-r-393911",
            "secret": "MONGODB_DEVELOPMENT_DB",
            "secret_data": "X_Service_Development",
            "version": "1"
          },
          "sensitive_attributes": []
        }
      ]
    },
    {
      "mode": "managed",
      "type": "google_cloud_run_service",
      "name": "service_x",
      "provider": "provider[\"registry.terraform.io/hashicorp/google\"]",
      "instances": [
        {
          "schema_version": 1,
          "attributes": {
            "autogenerate_revision_name": false,
            "id": "locations/europe-west1/namespaces/project-r-393911/services/service-x",
            "location": "europe-west1",
            "metadata": [
              {
                "annotations": {
                  "run.googleapis.com/ingress": "all",
                  "run.googleapis.com/ingress-status": "all",
                  "run.googleapis.com/operation-id": "b5e062ec-83b4-4d60-8327-7b927fe5c97a",
                  "serving.knative.dev/creator": "Timothy.S.Rasmussen@gmail.com",
                  "serving.knative.dev/lastModifier": "Timothy.S.Rasmussen@gmail.com"
                },
                "generation": 1,
                "labels": {
                  "cloud.googleapis.com/location": "europe-west1"
                },
                "namespace": "project-r-393911",
                "resource_version": "AAYBzDg/W0A",
                "self_link": "/apis/serving.knative.dev/v1/namespaces/459671476145/services/service-x",
                "uid": "041a1ccc-a24a-4782-b618-5c2188c10c4b"
              }
            ],
            "name": "service-x",
            "project": "project-r-393911",
            "status": [
              {
                "conditions": [
                  {
                    "message": "",
                    "reason": "",
                    "status": "True",
                    "type": "Ready"
                  },
                  {
                    "message": "",
                    "reason": "",
                    "status": "True",
                    "type": "ConfigurationsReady"
                  },
                  {
                    "message": "",
                    "reason": "",
                    "status": "True",
                    "type": "RoutesReady"
                  }
                ],
                "latest_created_revision_name": "service-x-00001-qkk",
                "latest_ready_revision_name": "service-x-00001-qkk",
                "observed_generation": 1,
                "url": "https://service-x-s4qgcf5egq-ew.a.run.app"
              }
            ],
            "template": [
              {
                "metadata": [
                  {
                    "annotations": {
                      "autoscaling.knative.dev/maxScale": "1"
                    },
                    "generation": 0,
                    "labels": {
                      "run.googleapis.com/startupProbeType": "Default"
                    },
                    "name": "",
                    "namespace": "",
                    "resource_version": "",
                    "self_link": "",
                    "uid": ""
                  }
                ],
                "spec": [
                  {
                    "container_concurrency": 80,
                    "containers": [
                      {
                        "args": null,
                        "command": null,
                        "env": [
                          {
                            "name": "ENVIRONMENT",
                            "value": "",
                            "value_from": [
                              {
                                "secret_key_ref": [
                                  {
                                    "key": "latest",
                                    "name": "ENVIRONMENT"
                                  }
                                ]
                              }
                            ]
                          },
                          {
                            "name": "MONGODB_CONNECTION_STRING",
                            "value": "",
                            "value_from": [
                              {
                                "secret_key_ref": [
                                  {
                                    "key": "latest",
                                    "name": "MONGODB_CONNECTION_STRING"
                                  }
                                ]
                              }
                            ]
                          },
                          {
                            "name": "MONGODB_DEVELOPMENT_DB",
                            "value": "",
                            "value_from": [
                              {
                                "secret_key_ref": [
                                  {
                                    "key": "latest",
                                    "name": "MONGODB_DEVELOPMENT_DB"
                                  }
                                ]
                              }
                            ]
                          }
                        ],
                        "env_from": [],
                        "image": "docker.io/00tir2009/x_service_dev:latest",
                        "liveness_probe": [],
                        "name": "",
                        "ports": [
                          {
                            "container_port": 8080,
                            "name": "http1",
                            "protocol": ""
                          }
                        ],
                        "resources": [
                          {
                            "limits": {
                              "cpu": "1",
                              "memory": "128Mi"
                            },
                            "requests": null
                          }
                        ],
                        "startup_probe": [
                          {
                            "failure_threshold": 1,
                            "grpc": [],
                            "http_get": [],
                            "initial_delay_seconds": 0,
                            "period_seconds": 240,
                            "tcp_socket": [
                              {
                                "port": 8080
                              }
                            ],
                            "timeout_seconds": 240
                          }
                        ],
                        "volume_mounts": [],
                        "working_dir": ""
                      }
                    ],
                    "service_account_name": "459671476145-compute@developer.gserviceaccount.com",
                    "serving_state": "",
                    "timeout_seconds": 300,
                    "volumes": []
                  }
                ]
              }
            ],
            "timeouts": null,
            "traffic": [
              {
                "latest_revision": true,
                "percent": 100,
                "revision_name": "",
                "tag": "",
                "url": ""
              }
            ]
          },
          "sensitive_attributes": [],
          "private": "eyJlMmJmYjczMC1lY2FhLTExZTYtOGY4OC0zNDM2M2JjN2M0YzAiOnsiY3JlYXRlIjoxMjAwMDAwMDAwMDAwLCJkZWxldGUiOjEyMDAwMDAwMDAwMDAsInVwZGF0ZSI6MTIwMDAwMDAwMDAwMH0sInNjaGVtYV92ZXJzaW9uIjoiMSJ9",
          "dependencies": [
            "data.google_secret_manager_secret_version.secrets"
          ]
        }
      ]
    },
    {
      "mode": "managed",
      "type": "google_cloud_run_service_iam_member",
      "name": "all_users",
      "provider": "provider[\"registry.terraform.io/hashicorp/google\"]",
      "instances": [
        {
          "schema_version": 0,
          "attributes": {
            "condition": [],
            "etag": "BwYBzDiQ+Pw=",
            "id": "v1/projects/project-r-393911/locations/europe-west1/services/service-x/roles/run.invoker/allUsers",
            "location": "europe-west1",
            "member": "allUsers",
            "project": "project-r-393911",
            "role": "roles/run.invoker",
            "service": "v1/projects/project-r-393911/locations/europe-west1/services/service-x"
          },
          "sensitive_attributes": [],
          "private": "bnVsbA==",
          "dependencies": [
            "data.google_secret_manager_secret_version.secrets",
            "google_cloud_run_service.service_x"
          ]
        }
      ]
    },
    {
      "mode": "managed",
      "type": "google_project_service",
      "name": "secret_manager",
      "provider": "provider[\"registry.terraform.io/hashicorp/google-beta\"]",
      "instances": [
        {
          "schema_version": 0,
          "attributes": {
            "disable_dependent_services": null,
            "disable_on_destroy": false,
            "id": "project-r-393911/secretmanager.googleapis.com",
            "project": "project-r-393911",
            "service": "secretmanager.googleapis.com",
            "timeouts": null
          },
          "sensitive_attributes": [],
          "private": "eyJlMmJmYjczMC1lY2FhLTExZTYtOGY4OC0zNDM2M2JjN2M0YzAiOnsiY3JlYXRlIjoxMjAwMDAwMDAwMDAwLCJkZWxldGUiOjEyMDAwMDAwMDAwMDAsInJlYWQiOjYwMDAwMDAwMDAwMCwidXBkYXRlIjoxMjAwMDAwMDAwMDAwfX0="
        }
      ]
    }
  ],
  "check_results": null
}
