{
  "version": 4,
  "terraform_version": "1.4.5",
  "serial": 146,
  "lineage": "a504128d-e7b2-26b9-6f47-3fc701e5a54b",
  "outputs": {},
  "resources": [
    {
      "mode": "data",
      "type": "google_secret_manager_secret_version",
      "name": "secrets",
      "provider": "provider[\"registry.terraform.io/hashicorp/google\"]",
      "instances": [
        {
          "index_key": "ENVIRONMENT",
          "schema_version": 0,
          "attributes": {
            "create_time": "2023-07-25T11:53:11.698241Z",
            "destroy_time": null,
            "enabled": true,
            "id": "projects/459671476145/secrets/ENVIRONMENT/versions/2",
            "name": "projects/459671476145/secrets/ENVIRONMENT/versions/2",
            "project": "project-r-393911",
            "secret": "ENVIRONMENT",
            "secret_data": "Production",
            "version": "2"
          },
          "sensitive_attributes": []
        },
        {
          "index_key": "MONGODB_CONNECTION_STRING",
          "schema_version": 0,
          "attributes": {
            "create_time": "2023-07-25T11:24:31.475901Z",
            "destroy_time": null,
            "enabled": true,
            "id": "projects/459671476145/secrets/MONGODB_CONNECTION_STRING/versions/1",
            "name": "projects/459671476145/secrets/MONGODB_CONNECTION_STRING/versions/1",
            "project": "project-r-393911",
            "secret": "MONGODB_CONNECTION_STRING",
            "secret_data": "mongodb+srv://TimoSR:rTPnSLO8uBewTFXc@project-r.vfcynkw.mongodb.net/?retryWrites=true\u0026w=majority",
            "version": "1"
          },
          "sensitive_attributes": []
        },
        {
          "index_key": "MONGODB_DEVELOPMENT_DB",
          "schema_version": 0,
          "attributes": {
            "create_time": "2023-07-25T11:25:06.120235Z",
            "destroy_time": null,
            "enabled": true,
            "id": "projects/459671476145/secrets/MONGODB_DEVELOPMENT_DB/versions/1",
            "name": "projects/459671476145/secrets/MONGODB_DEVELOPMENT_DB/versions/1",
            "project": "project-r-393911",
            "secret": "MONGODB_DEVELOPMENT_DB",
            "secret_data": "X_Service_Development",
            "version": "1"
          },
          "sensitive_attributes": []
        }
      ]
    },
    {
      "mode": "managed",
      "type": "google_cloud_run_service_iam_member",
      "name": "all_users",
      "provider": "provider[\"registry.terraform.io/hashicorp/google\"]",
      "instances": []
    },
    {
      "mode": "managed",
      "type": "google_project_service",
      "name": "secret_manager",
      "provider": "provider[\"registry.terraform.io/hashicorp/google-beta\"]",
      "instances": [
        {
          "schema_version": 0,
          "attributes": {
            "disable_dependent_services": null,
            "disable_on_destroy": false,
            "id": "project-r-393911/secretmanager.googleapis.com",
            "project": "project-r-393911",
            "service": "secretmanager.googleapis.com",
            "timeouts": null
          },
          "sensitive_attributes": [],
          "private": "eyJlMmJmYjczMC1lY2FhLTExZTYtOGY4OC0zNDM2M2JjN2M0YzAiOnsiY3JlYXRlIjoxMjAwMDAwMDAwMDAwLCJkZWxldGUiOjEyMDAwMDAwMDAwMDAsInJlYWQiOjYwMDAwMDAwMDAwMCwidXBkYXRlIjoxMjAwMDAwMDAwMDAwfX0="
        }
      ]
    }
  ],
  "check_results": null
}
